
Microsoft Visual Studio Solution File, Format Version 12.00
# Visual Studio Version 16
VisualStudioVersion = 16.0.31410.357
MinimumVisualStudioVersion = 10.0.40219.1
Project("{FAE04EC0-301F-11D3-BF4B-00C04F79EFBC}") = "HelloWorld2", "HelloWorld2\HelloWorld2.csproj", "{C44A364B-8595-446B-9AE3-116CD34C3A0C}"
EndProject
Global
	GlobalSection(SolutionConfigurationPlatforms) = preSolution
		Debug|Any CPU = Debug|Any CPU
		Release|Any CPU = Release|Any CPU
	EndGlobalSection
	GlobalSection(ProjectConfigurationPlatforms) = postSolution
		{C44A364B-8595-446B-9AE3-116CD34C3A0C}.Debug|Any CPU.ActiveCfg = Debug|Any CPU
		{C44A364B-8595-446B-9AE3-116CD34C3A0C}.Debug|Any CPU.Build.0 = Debug|Any CPU
		{C44A364B-8595-446B-9AE3-116CD34C3A0C}.Release|Any CPU.ActiveCfg = Release|Any CPU
		{C44A364B-8595-446B-9AE3-116CD34C3A0C}.Release|Any CPU.Build.0 = Release|Any CPU
	EndGlobalSection
	GlobalSection(SolutionProperties) = preSolution
		HideSolutionNode = FALSE
	EndGlobalSection
	GlobalSection(ExtensibilityGlobals) = postSolution
		SolutionGuid = {7085F316-23FD-4B32-976D-84715A4F8DA7}
	EndGlobalSection
EndGlobal
